
Microsoft Visual Studio Solution File, Format Version 12.00
# Visual Studio Version 16
VisualStudioVersion = 16.0.31729.503
MinimumVisualStudioVersion = 10.0.40219.1
Project("{FAE04EC0-301F-11D3-BF4B-00C04F79EFBC}") = "DrawAllChars", "DrawAllChars\DrawAllChars.csproj", "{EA7E5FD3-FC9C-4A18-AC48-A04EA4E2700A}"
EndProject
Global
	GlobalSection(SolutionConfigurationPlatforms) = preSolution
		Debug|Any CPU = Debug|Any CPU
		Debug|x64 = Debug|x64
		Debug|x86 = Debug|x86
		Release|Any CPU = Release|Any CPU
		Release|x64 = Release|x64
		Release|x86 = Release|x86
	EndGlobalSection
	GlobalSection(ProjectConfigurationPlatforms) = postSolution
		{EA7E5FD3-FC9C-4A18-AC48-A04EA4E2700A}.Debug|Any CPU.ActiveCfg = Debug|Any CPU
		{EA7E5FD3-FC9C-4A18-AC48-A04EA4E2700A}.Debug|Any CPU.Build.0 = Debug|Any CPU
		{EA7E5FD3-FC9C-4A18-AC48-A04EA4E2700A}.Debug|x64.ActiveCfg = Debug|Any CPU
		{EA7E5FD3-FC9C-4A18-AC48-A04EA4E2700A}.Debug|x64.Build.0 = Debug|Any CPU
		{EA7E5FD3-FC9C-4A18-AC48-A04EA4E2700A}.Debug|x86.ActiveCfg = Debug|Any CPU
		{EA7E5FD3-FC9C-4A18-AC48-A04EA4E2700A}.Debug|x86.Build.0 = Debug|Any CPU
		{EA7E5FD3-FC9C-4A18-AC48-A04EA4E2700A}.Release|Any CPU.ActiveCfg = Release|Any CPU
		{EA7E5FD3-FC9C-4A18-AC48-A04EA4E2700A}.Release|Any CPU.Build.0 = Release|Any CPU
		{EA7E5FD3-FC9C-4A18-AC48-A04EA4E2700A}.Release|x64.ActiveCfg = Release|Any CPU
		{EA7E5FD3-FC9C-4A18-AC48-A04EA4E2700A}.Release|x64.Build.0 = Release|Any CPU
		{EA7E5FD3-FC9C-4A18-AC48-A04EA4E2700A}.Release|x86.ActiveCfg = Release|Any CPU
		{EA7E5FD3-FC9C-4A18-AC48-A04EA4E2700A}.Release|x86.Build.0 = Release|Any CPU
	EndGlobalSection
	GlobalSection(SolutionProperties) = preSolution
		HideSolutionNode = FALSE
	EndGlobalSection
	GlobalSection(ExtensibilityGlobals) = postSolution
		SolutionGuid = {41F2C227-C8A5-4298-A40C-B7ED0EDB0294}
	EndGlobalSection
EndGlobal
